
Microsoft Visual Studio Solution File, Format Version 12.00
# Visual Studio Version 17
VisualStudioVersion = 17.0.31903.59
MinimumVisualStudioVersion = 10.0.40219.1
Project("{2150E333-8FDC-42A3-9474-1A3956D46DE8}") = "src", "src", "{827E0CD3-B72D-47B6-A68D-7590B98EB39B}"
EndProject
Project("{FAE04EC0-301F-11D3-BF4B-00C04F79EFBC}") = "RotaryPhoneController.Core", "src\RotaryPhoneController.Core\RotaryPhoneController.Core.csproj", "{7EBC8181-76EA-4B92-8A80-C50BF28F935A}"
EndProject
Project("{FAE04EC0-301F-11D3-BF4B-00C04F79EFBC}") = "RotaryPhoneController.Server", "src\RotaryPhoneController.Server\RotaryPhoneController.Server.csproj", "{3E9D8F29-3B5C-4643-92CC-54326B3A7850}"
EndProject
Global
	GlobalSection(SolutionConfigurationPlatforms) = preSolution
		Debug|Any CPU = Debug|Any CPU
		Debug|x64 = Debug|x64
		Debug|x86 = Debug|x86
		Release|Any CPU = Release|Any CPU
		Release|x64 = Release|x64
		Release|x86 = Release|x86
	EndGlobalSection
	GlobalSection(ProjectConfigurationPlatforms) = postSolution
		{7EBC8181-76EA-4B92-8A80-C50BF28F935A}.Debug|Any CPU.ActiveCfg = Debug|Any CPU
		{7EBC8181-76EA-4B92-8A80-C50BF28F935A}.Debug|Any CPU.Build.0 = Debug|Any CPU
		{7EBC8181-76EA-4B92-8A80-C50BF28F935A}.Debug|x64.ActiveCfg = Debug|Any CPU
		{7EBC8181-76EA-4B92-8A80-C50BF28F935A}.Debug|x64.Build.0 = Debug|Any CPU
		{7EBC8181-76EA-4B92-8A80-C50BF28F935A}.Debug|x86.ActiveCfg = Debug|Any CPU
		{7EBC8181-76EA-4B92-8A80-C50BF28F935A}.Debug|x86.Build.0 = Debug|Any CPU
		{7EBC8181-76EA-4B92-8A80-C50BF28F935A}.Release|Any CPU.ActiveCfg = Release|Any CPU
		{7EBC8181-76EA-4B92-8A80-C50BF28F935A}.Release|Any CPU.Build.0 = Release|Any CPU
		{7EBC8181-76EA-4B92-8A80-C50BF28F935A}.Release|x64.ActiveCfg = Release|Any CPU
		{7EBC8181-76EA-4B92-8A80-C50BF28F935A}.Release|x64.Build.0 = Release|Any CPU
		{7EBC8181-76EA-4B92-8A80-C50BF28F935A}.Release|x86.ActiveCfg = Release|Any CPU
		{7EBC8181-76EA-4B92-8A80-C50BF28F935A}.Release|x86.Build.0 = Release|Any CPU
		{3E9D8F29-3B5C-4643-92CC-54326B3A7850}.Debug|Any CPU.ActiveCfg = Debug|Any CPU
		{3E9D8F29-3B5C-4643-92CC-54326B3A7850}.Debug|Any CPU.Build.0 = Debug|Any CPU
		{3E9D8F29-3B5C-4643-92CC-54326B3A7850}.Debug|x64.ActiveCfg = Debug|Any CPU
		{3E9D8F29-3B5C-4643-92CC-54326B3A7850}.Debug|x64.Build.0 = Debug|Any CPU
		{3E9D8F29-3B5C-4643-92CC-54326B3A7850}.Debug|x86.ActiveCfg = Debug|Any CPU
		{3E9D8F29-3B5C-4643-92CC-54326B3A7850}.Debug|x86.Build.0 = Debug|Any CPU
		{3E9D8F29-3B5C-4643-92CC-54326B3A7850}.Release|Any CPU.ActiveCfg = Release|Any CPU
		{3E9D8F29-3B5C-4643-92CC-54326B3A7850}.Release|Any CPU.Build.0 = Release|Any CPU
		{3E9D8F29-3B5C-4643-92CC-54326B3A7850}.Release|x64.ActiveCfg = Release|Any CPU
		{3E9D8F29-3B5C-4643-92CC-54326B3A7850}.Release|x64.Build.0 = Release|Any CPU
		{3E9D8F29-3B5C-4643-92CC-54326B3A7850}.Release|x86.ActiveCfg = Release|Any CPU
		{3E9D8F29-3B5C-4643-92CC-54326B3A7850}.Release|x86.Build.0 = Release|Any CPU
	EndGlobalSection
	GlobalSection(SolutionProperties) = preSolution
		HideSolutionNode = FALSE
	EndGlobalSection
	GlobalSection(NestedProjects) = preSolution
		{7EBC8181-76EA-4B92-8A80-C50BF28F935A} = {827E0CD3-B72D-47B6-A68D-7590B98EB39B}
		{3E9D8F29-3B5C-4643-92CC-54326B3A7850} = {827E0CD3-B72D-47B6-A68D-7590B98EB39B}
	EndGlobalSection
EndGlobal
